<?xml version="1.0" encoding="utf-8"?>
<Project ToolsVersion="4.0" xmlns="http://schemas.microsoft.com/developer/msbuild/2003">
  <ItemGroup>
    <ClCompile Include="Vertex.cpp">
      <Filter>Graph</Filter>
    </ClCompile>
    <ClCompile Include="Edge.cpp">
      <Filter>Graph</Filter>
    </ClCompile>
    <ClCompile Include="Graph.cpp">
      <Filter>Graph</Filter>
    </ClCompile>
    <ClCompile Include="game.cpp" />
    <ClCompile Include="surface.cpp" />
    <ClCompile Include="template.cpp" />
    <ClCompile Include="DrawManager.cpp">
      <Filter>Graph</Filter>
    </ClCompile>
    <ClCompile Include="AbstractStateFactory.cpp">
      <Filter>States</Filter>
    </ClCompile>
    <ClCompile Include="EntityState.cpp">
      <Filter>States</Filter>
    </ClCompile>
    <ClCompile Include="RabbitState.cpp">
      <Filter>States\Rabbit</Filter>
    </ClCompile>
    <ClCompile Include="RabbitStateFactory.cpp">
      <Filter>States\Rabbit</Filter>
    </ClCompile>
    <ClCompile Include="RabbitStateFlee.cpp">
      <Filter>States\Rabbit</Filter>
    </ClCompile>
    <ClCompile Include="RabbitStateWander.cpp">
      <Filter>States\Rabbit</Filter>
    </ClCompile>
    <ClCompile Include="CowState.cpp">
      <Filter>States\Cow</Filter>
    </ClCompile>
    <ClCompile Include="CowStateFactory.cpp">
      <Filter>States\Cow</Filter>
    </ClCompile>
    <ClCompile Include="CowStatePursuit.cpp">
      <Filter>States\Cow</Filter>
    </ClCompile>
    <ClCompile Include="GameLoopWFour.cpp">
      <Filter>GameLoops</Filter>
    </ClCompile>
    <ClCompile Include="CowStateFlee.cpp">
      <Filter>States\Cow</Filter>
    </ClCompile>
    <ClCompile Include="CowStateHide.cpp">
      <Filter>States\Cow</Filter>
    </ClCompile>
    <ClCompile Include="CowStateFleePill.cpp">
      <Filter>States\Cow</Filter>
    </ClCompile>
    <ClCompile Include="CowStateFleeGun.cpp">
      <Filter>States\Cow</Filter>
    </ClCompile>
    <ClCompile Include="GameLoopWFive.cpp">
      <Filter>GameLoops\WeekFive</Filter>
    </ClCompile>
    <ClCompile Include="Cow.cpp">
      <Filter>Entities</Filter>
    </ClCompile>
    <ClCompile Include="Rabbit.cpp">
      <Filter>Entities</Filter>
    </ClCompile>
    <ClCompile Include="Weapon.cpp">
      <Filter>Entities</Filter>
    </ClCompile>
    <ClCompile Include="RabbitStatePursuit.cpp">
      <Filter>States\Rabbit</Filter>
    </ClCompile>
    <ClCompile Include="CowStateWander.cpp">
      <Filter>States\Cow</Filter>
    </ClCompile>
    <ClCompile Include="WeaponStateFactory.cpp">
      <Filter>States\Weapon</Filter>
    </ClCompile>
    <ClCompile Include="PillStateFactory.cpp">
      <Filter>States\Pill</Filter>
    </ClCompile>
    <ClCompile Include="WeaponState.cpp">
      <Filter>States\Weapon</Filter>
    </ClCompile>
    <ClCompile Include="PillState.cpp">
      <Filter>States\Pill</Filter>
    </ClCompile>
    <ClCompile Include="WeaponStateIdle.cpp">
      <Filter>States\Weapon</Filter>
    </ClCompile>
    <ClCompile Include="PillStateIdle.cpp">
      <Filter>States\Pill</Filter>
    </ClCompile>
    <ClCompile Include="CowStateInvulnerable.cpp">
      <Filter>States\Cow</Filter>
    </ClCompile>
    <ClCompile Include="GameRound.cpp">
      <Filter>GameLoops\WeekFive</Filter>
    </ClCompile>
    <ClCompile Include="Pill.cpp">
      <Filter>Entities</Filter>
    </ClCompile>
    <ClCompile Include="CowStateIdle.cpp">
      <Filter>States\Cow</Filter>
    </ClCompile>
  </ItemGroup>
  <ItemGroup>
    <ClInclude Include="Vertex.h">
      <Filter>Graph</Filter>
    </ClInclude>
    <ClInclude Include="Edge.h">
      <Filter>Graph</Filter>
    </ClInclude>
    <ClInclude Include="Graph.h">
      <Filter>Graph</Filter>
    </ClInclude>
    <ClInclude Include="stdafx.h" />
    <ClInclude Include="surface.h" />
    <ClInclude Include="template.h" />
    <ClInclude Include="game.h" />
    <ClInclude Include="DrawManager.h">
      <Filter>Graph</Filter>
    </ClInclude>
    <ClInclude Include="AbstractStateFactory.h">
      <Filter>States</Filter>
    </ClInclude>
    <ClInclude Include="EntityState.h">
      <Filter>States</Filter>
    </ClInclude>
    <ClInclude Include="RabbitState.h">
      <Filter>States\Rabbit</Filter>
    </ClInclude>
    <ClInclude Include="RabbitStateFactory.h">
      <Filter>States\Rabbit</Filter>
    </ClInclude>
    <ClInclude Include="RabbitStateFlee.h">
      <Filter>States\Rabbit</Filter>
    </ClInclude>
    <ClInclude Include="RabbitStateWander.h">
      <Filter>States\Rabbit</Filter>
    </ClInclude>
    <ClInclude Include="CowState.h">
      <Filter>States\Cow</Filter>
    </ClInclude>
    <ClInclude Include="CowStateFactory.h">
      <Filter>States\Cow</Filter>
    </ClInclude>
    <ClInclude Include="GameLoopWFour.h">
      <Filter>GameLoops</Filter>
    </ClInclude>
    <ClInclude Include="IGameLoop.h">
      <Filter>GameLoops</Filter>
    </ClInclude>
    <ClInclude Include="CowStatePursuit.h">
      <Filter>States\Cow</Filter>
    </ClInclude>
    <ClInclude Include="CowStateFlee.h">
      <Filter>States\Cow</Filter>
    </ClInclude>
    <ClInclude Include="CowStateHide.h">
      <Filter>States\Cow</Filter>
    </ClInclude>
    <ClInclude Include="CowStateFleePill.h">
      <Filter>States\Cow</Filter>
    </ClInclude>
    <ClInclude Include="CowStateFleeGun.h">
      <Filter>States\Cow</Filter>
    </ClInclude>
    <ClInclude Include="GameLoopWFive.h">
      <Filter>GameLoops\WeekFive</Filter>
    </ClInclude>
    <ClInclude Include="Cow.h">
      <Filter>Entities</Filter>
    </ClInclude>
    <ClInclude Include="Rabbit.h">
      <Filter>Entities</Filter>
    </ClInclude>
    <ClInclude Include="eGameEntity.h">
      <Filter>Entities</Filter>
    </ClInclude>
    <ClInclude Include="IGameEntity.h">
      <Filter>Entities</Filter>
    </ClInclude>
    <ClInclude Include="Weapon.h">
      <Filter>Entities</Filter>
    </ClInclude>
    <ClInclude Include="RabbitStatePursuit.h">
      <Filter>States\Rabbit</Filter>
    </ClInclude>
    <ClInclude Include="CowStateWander.h">
      <Filter>States\Cow</Filter>
    </ClInclude>
    <ClInclude Include="WeaponStateFactory.h">
      <Filter>States\Weapon</Filter>
    </ClInclude>
    <ClInclude Include="PillStateFactory.h">
      <Filter>States\Pill</Filter>
    </ClInclude>
    <ClInclude Include="Pill.h">
      <Filter>Entities</Filter>
    </ClInclude>
    <ClInclude Include="PillState.h">
      <Filter>States\Pill</Filter>
    </ClInclude>
    <ClInclude Include="WeaponState.h">
      <Filter>States\Weapon</Filter>
    </ClInclude>
    <ClInclude Include="WeaponStateIdle.h">
      <Filter>States\Weapon</Filter>
    </ClInclude>
    <ClInclude Include="PillStateIdle.h">
      <Filter>States\Pill</Filter>
    </ClInclude>
    <ClInclude Include="CowStateInvulnerable.h">
      <Filter>States\Cow</Filter>
    </ClInclude>
    <ClInclude Include="GameRound.h">
      <Filter>GameLoops\WeekFive</Filter>
    </ClInclude>
    <ClInclude Include="eEntityState.h">
      <Filter>States</Filter>
    </ClInclude>
    <ClInclude Include="CowStateIdle.h">
      <Filter>States\Cow</Filter>
    </ClInclude>
  </ItemGroup>
  <ItemGroup>
    <Filter Include="Graph">
      <UniqueIdentifier>{674ff30b-376d-45c8-9cee-6d33be32b2c1}</UniqueIdentifier>
    </Filter>
    <Filter Include="States">
      <UniqueIdentifier>{d18a5b70-558d-4444-9c0b-16d85fe13eeb}</UniqueIdentifier>
    </Filter>
    <Filter Include="States\Rabbit">
      <UniqueIdentifier>{7f2a06ab-120e-47a2-85ab-f584d1811fa6}</UniqueIdentifier>
    </Filter>
    <Filter Include="States\Cow">
      <UniqueIdentifier>{a8692484-f372-4ffa-a9a6-c6623605c918}</UniqueIdentifier>
    </Filter>
    <Filter Include="GameLoops">
      <UniqueIdentifier>{07e0e7aa-abdb-44ce-8cb9-3e66682ee191}</UniqueIdentifier>
    </Filter>
    <Filter Include="GameLoops\WeekFive">
      <UniqueIdentifier>{77b93294-e95c-49cb-8937-fb888339abd0}</UniqueIdentifier>
    </Filter>
    <Filter Include="Entities">
      <UniqueIdentifier>{e94e4c17-c69c-452b-a07a-b72ed77a79de}</UniqueIdentifier>
    </Filter>
    <Filter Include="States\Pill">
      <UniqueIdentifier>{27812c3f-00c2-42b7-acf2-8395bce3b786}</UniqueIdentifier>
    </Filter>
    <Filter Include="States\Weapon">
      <UniqueIdentifier>{1135fc9c-c29a-496b-9dc6-ba5be19a1e3c}</UniqueIdentifier>
    </Filter>
  </ItemGroup>
</Project>